%{"nerves_hub": {:git, "https://github.com/nerves-project/nerves_hub.git", "fe5f117c4803fcc8172f71e735b756a366978795", []},
  "nerves_lib": {:git, "https://github.com/nerves-project/nerves_lib.git", "78b9e489af7df25c162d4a1130569e7cc301cb48", []},
  "persistent_storage": {:git, "https://github.com/cellulose/persistent_storage.git", "cb3080e2051fb936750f51313aa6c8e7b27e581f", []}}
